// !$*UTF8*$!
{
	archiveVersion = 1;
	classes = {
	};
	objectVersion = 50;
	objects = {

/* Begin PBXBuildFile section */
		449A2BDB2179AE88002781EE /* AppDelegate.m in Sources */ = {isa = PBXBuildFile; fileRef = 449A2BDA2179AE88002781EE /* AppDelegate.m */; };
		449A2BE32179AE8A002781EE /* Assets.xcassets in Resources */ = {isa = PBXBuildFile; fileRef = 449A2BE22179AE8A002781EE /* Assets.xcassets */; };
		449A2BE62179AE8A002781EE /* LaunchScreen.storyboard in Resources */ = {isa = PBXBuildFile; fileRef = 449A2BE42179AE8A002781EE /* LaunchScreen.storyboard */; };
		449A2BE92179AE8A002781EE /* main.m in Sources */ = {isa = PBXBuildFile; fileRef = 449A2BE82179AE8A002781EE /* main.m */; };
		449A2BF32179AE8A002781EE /* ViviTaipeiZooPracticeTests.m in Sources */ = {isa = PBXBuildFile; fileRef = 449A2BF22179AE8A002781EE /* ViviTaipeiZooPracticeTests.m */; };
		449A2C002179AFCF002781EE /* ZooTableViewController.m in Sources */ = {isa = PBXBuildFile; fileRef = 449A2BFE2179AFCF002781EE /* ZooTableViewController.m */; };
		449A2C012179AFCF002781EE /* ZooTableViewController.xib in Resources */ = {isa = PBXBuildFile; fileRef = 449A2BFF2179AFCF002781EE /* ZooTableViewController.xib */; };
		44E7B4F52179B31200AE2CE7 /* ZooNavigationBar.m in Sources */ = {isa = PBXBuildFile; fileRef = 44E7B4F42179B31200AE2CE7 /* ZooNavigationBar.m */; };
		44E7B4F72179B31F00AE2CE7 /* ZooNavigationBar.xib in Resources */ = {isa = PBXBuildFile; fileRef = 44E7B4F62179B31F00AE2CE7 /* ZooNavigationBar.xib */; };
		44E7B4FC2179B8FC00AE2CE7 /* ZooWebManager.m in Sources */ = {isa = PBXBuildFile; fileRef = 44E7B4FB2179B8FC00AE2CE7 /* ZooWebManager.m */; };
		44E7B5082179BDF000AE2CE7 /* ZooBaseResponse.m in Sources */ = {isa = PBXBuildFile; fileRef = 44E7B5072179BDF000AE2CE7 /* ZooBaseResponse.m */; };
		44E7B50D2179C14900AE2CE7 /* ZooResultsModel.m in Sources */ = {isa = PBXBuildFile; fileRef = 44E7B50A2179C14900AE2CE7 /* ZooResultsModel.m */; };
		44E7B50E2179C14900AE2CE7 /* ZooTaipeiZooResponse.m in Sources */ = {isa = PBXBuildFile; fileRef = 44E7B50B2179C14900AE2CE7 /* ZooTaipeiZooResponse.m */; };
		44E7B5132179C3E300AE2CE7 /* ZooBaseObject.m in Sources */ = {isa = PBXBuildFile; fileRef = 44E7B5122179C3E300AE2CE7 /* ZooBaseObject.m */; };
		44E7B5162179C66900AE2CE7 /* ZooDataManager.m in Sources */ = {isa = PBXBuildFile; fileRef = 44E7B5152179C66900AE2CE7 /* ZooDataManager.m */; };
		4C59C1561119173188A96F93 /* Pods_ViviTaipeiZooPractice.framework in Frameworks */ = {isa = PBXBuildFile; fileRef = FFDFCA586FCCDA4C45B20146 /* Pods_ViviTaipeiZooPractice.framework */; };
/* End PBXBuildFile section */

/* Begin PBXContainerItemProxy section */
		449A2BEF2179AE8A002781EE /* PBXContainerItemProxy */ = {
			isa = PBXContainerItemProxy;
			containerPortal = 449A2BCE2179AE88002781EE /* Project object */;
			proxyType = 1;
			remoteGlobalIDString = 449A2BD52179AE88002781EE;
			remoteInfo = ViviTaipeiZooPractice;
		};
/* End PBXContainerItemProxy section */

/* Begin PBXFileReference section */
		2A03AD2CD4BD78DF781E5D7C /* Pods-ViviTaipeiZooPractice.debug.xcconfig */ = {isa = PBXFileReference; includeInIndex = 1; lastKnownFileType = text.xcconfig; name = "Pods-ViviTaipeiZooPractice.debug.xcconfig"; path = "Pods/Target Support Files/Pods-ViviTaipeiZooPractice/Pods-ViviTaipeiZooPractice.debug.xcconfig"; sourceTree = "<group>"; };
		449A2BD62179AE88002781EE /* ViviTaipeiZooPractice.app */ = {isa = PBXFileReference; explicitFileType = wrapper.application; includeInIndex = 0; path = ViviTaipeiZooPractice.app; sourceTree = BUILT_PRODUCTS_DIR; };
		449A2BD92179AE88002781EE /* AppDelegate.h */ = {isa = PBXFileReference; lastKnownFileType = sourcecode.c.h; path = AppDelegate.h; sourceTree = "<group>"; };
		449A2BDA2179AE88002781EE /* AppDelegate.m */ = {isa = PBXFileReference; lastKnownFileType = sourcecode.c.objc; path = AppDelegate.m; sourceTree = "<group>"; };
		449A2BE22179AE8A002781EE /* Assets.xcassets */ = {isa = PBXFileReference; lastKnownFileType = folder.assetcatalog; path = Assets.xcassets; sourceTree = "<group>"; };
		449A2BE52179AE8A002781EE /* Base */ = {isa = PBXFileReference; lastKnownFileType = file.storyboard; name = Base; path = Base.lproj/LaunchScreen.storyboard; sourceTree = "<group>"; };
		449A2BE72179AE8A002781EE /* Info.plist */ = {isa = PBXFileReference; lastKnownFileType = text.plist.xml; path = Info.plist; sourceTree = "<group>"; };
		449A2BE82179AE8A002781EE /* main.m */ = {isa = PBXFileReference; lastKnownFileType = sourcecode.c.objc; path = main.m; sourceTree = "<group>"; };
		449A2BEE2179AE8A002781EE /* ViviTaipeiZooPracticeTests.xctest */ = {isa = PBXFileReference; explicitFileType = wrapper.cfbundle; includeInIndex = 0; path = ViviTaipeiZooPracticeTests.xctest; sourceTree = BUILT_PRODUCTS_DIR; };
		449A2BF22179AE8A002781EE /* ViviTaipeiZooPracticeTests.m */ = {isa = PBXFileReference; lastKnownFileType = sourcecode.c.objc; path = ViviTaipeiZooPracticeTests.m; sourceTree = "<group>"; };
		449A2BF42179AE8A002781EE /* Info.plist */ = {isa = PBXFileReference; lastKnownFileType = text.plist.xml; path = Info.plist; sourceTree = "<group>"; };
		449A2BFD2179AFCF002781EE /* ZooTableViewController.h */ = {isa = PBXFileReference; lastKnownFileType = sourcecode.c.h; path = ZooTableViewController.h; sourceTree = "<group>"; };
		449A2BFE2179AFCF002781EE /* ZooTableViewController.m */ = {isa = PBXFileReference; lastKnownFileType = sourcecode.c.objc; path = ZooTableViewController.m; sourceTree = "<group>"; };
		449A2BFF2179AFCF002781EE /* ZooTableViewController.xib */ = {isa = PBXFileReference; lastKnownFileType = file.xib; path = ZooTableViewController.xib; sourceTree = "<group>"; };
		44E7B4F32179B31200AE2CE7 /* ZooNavigationBar.h */ = {isa = PBXFileReference; lastKnownFileType = sourcecode.c.h; path = ZooNavigationBar.h; sourceTree = "<group>"; };
		44E7B4F42179B31200AE2CE7 /* ZooNavigationBar.m */ = {isa = PBXFileReference; lastKnownFileType = sourcecode.c.objc; path = ZooNavigationBar.m; sourceTree = "<group>"; };
		44E7B4F62179B31F00AE2CE7 /* ZooNavigationBar.xib */ = {isa = PBXFileReference; lastKnownFileType = file.xib; path = ZooNavigationBar.xib; sourceTree = "<group>"; };
		44E7B4FA2179B8FC00AE2CE7 /* ZooWebManager.h */ = {isa = PBXFileReference; lastKnownFileType = sourcecode.c.h; path = ZooWebManager.h; sourceTree = "<group>"; };
		44E7B4FB2179B8FC00AE2CE7 /* ZooWebManager.m */ = {isa = PBXFileReference; lastKnownFileType = sourcecode.c.objc; path = ZooWebManager.m; sourceTree = "<group>"; };
		44E7B5062179BDF000AE2CE7 /* ZooBaseResponse.h */ = {isa = PBXFileReference; lastKnownFileType = sourcecode.c.h; path = ZooBaseResponse.h; sourceTree = "<group>"; };
		44E7B5072179BDF000AE2CE7 /* ZooBaseResponse.m */ = {isa = PBXFileReference; lastKnownFileType = sourcecode.c.objc; path = ZooBaseResponse.m; sourceTree = "<group>"; };
		44E7B5092179C14900AE2CE7 /* ZooTaipeiZooResponse.h */ = {isa = PBXFileReference; fileEncoding = 4; lastKnownFileType = sourcecode.c.h; path = ZooTaipeiZooResponse.h; sourceTree = "<group>"; };
		44E7B50A2179C14900AE2CE7 /* ZooResultsModel.m */ = {isa = PBXFileReference; fileEncoding = 4; lastKnownFileType = sourcecode.c.objc; path = ZooResultsModel.m; sourceTree = "<group>"; };
		44E7B50B2179C14900AE2CE7 /* ZooTaipeiZooResponse.m */ = {isa = PBXFileReference; fileEncoding = 4; lastKnownFileType = sourcecode.c.objc; path = ZooTaipeiZooResponse.m; sourceTree = "<group>"; };
		44E7B50C2179C14900AE2CE7 /* ZooResultsModel.h */ = {isa = PBXFileReference; fileEncoding = 4; lastKnownFileType = sourcecode.c.h; path = ZooResultsModel.h; sourceTree = "<group>"; };
		44E7B50F2179C2E500AE2CE7 /* ZooDefinition.h */ = {isa = PBXFileReference; lastKnownFileType = sourcecode.c.h; path = ZooDefinition.h; sourceTree = "<group>"; };
		44E7B5102179C2FD00AE2CE7 /* ZooPrefixHeader.pch */ = {isa = PBXFileReference; lastKnownFileType = sourcecode.c.h; path = ZooPrefixHeader.pch; sourceTree = "<group>"; };
		44E7B5112179C3E300AE2CE7 /* ZooBaseObject.h */ = {isa = PBXFileReference; lastKnownFileType = sourcecode.c.h; path = ZooBaseObject.h; sourceTree = "<group>"; };
		44E7B5122179C3E300AE2CE7 /* ZooBaseObject.m */ = {isa = PBXFileReference; lastKnownFileType = sourcecode.c.objc; path = ZooBaseObject.m; sourceTree = "<group>"; };
		44E7B5142179C66900AE2CE7 /* ZooDataManager.h */ = {isa = PBXFileReference; lastKnownFileType = sourcecode.c.h; path = ZooDataManager.h; sourceTree = "<group>"; };
		44E7B5152179C66900AE2CE7 /* ZooDataManager.m */ = {isa = PBXFileReference; lastKnownFileType = sourcecode.c.objc; path = ZooDataManager.m; sourceTree = "<group>"; };
		4793D1D005C75366B946A4E2 /* Pods-ViviTaipeiZooPractice.release.xcconfig */ = {isa = PBXFileReference; includeInIndex = 1; lastKnownFileType = text.xcconfig; name = "Pods-ViviTaipeiZooPractice.release.xcconfig"; path = "Pods/Target Support Files/Pods-ViviTaipeiZooPractice/Pods-ViviTaipeiZooPractice.release.xcconfig"; sourceTree = "<group>"; };
		FFDFCA586FCCDA4C45B20146 /* Pods_ViviTaipeiZooPractice.framework */ = {isa = PBXFileReference; explicitFileType = wrapper.framework; includeInIndex = 0; path = Pods_ViviTaipeiZooPractice.framework; sourceTree = BUILT_PRODUCTS_DIR; };
/* End PBXFileReference section */

/* Begin PBXFrameworksBuildPhase section */
		449A2BD32179AE88002781EE /* Frameworks */ = {
			isa = PBXFrameworksBuildPhase;
			buildActionMask = 2147483647;
			files = (
				4C59C1561119173188A96F93 /* Pods_ViviTaipeiZooPractice.framework in Frameworks */,
			);
			runOnlyForDeploymentPostprocessing = 0;
		};
		449A2BEB2179AE8A002781EE /* Frameworks */ = {
			isa = PBXFrameworksBuildPhase;
			buildActionMask = 2147483647;
			files = (
			);
			runOnlyForDeploymentPostprocessing = 0;
		};
/* End PBXFrameworksBuildPhase section */

/* Begin PBXGroup section */
		0FB7031D5D3337379B7F788D /* Frameworks */ = {
			isa = PBXGroup;
			children = (
				FFDFCA586FCCDA4C45B20146 /* Pods_ViviTaipeiZooPractice.framework */,
			);
			name = Frameworks;
			sourceTree = "<group>";
		};
		449A2BCD2179AE88002781EE = {
			isa = PBXGroup;
			children = (
				449A2BD82179AE88002781EE /* ViviTaipeiZooPractice */,
				449A2BF12179AE8A002781EE /* ViviTaipeiZooPracticeTests */,
				449A2BD72179AE88002781EE /* Products */,
				E9446EF5D0622756A2943B64 /* Pods */,
				0FB7031D5D3337379B7F788D /* Frameworks */,
			);
			sourceTree = "<group>";
		};
		449A2BD72179AE88002781EE /* Products */ = {
			isa = PBXGroup;
			children = (
				449A2BD62179AE88002781EE /* ViviTaipeiZooPractice.app */,
				449A2BEE2179AE8A002781EE /* ViviTaipeiZooPracticeTests.xctest */,
			);
			name = Products;
			sourceTree = "<group>";
		};
		449A2BD82179AE88002781EE /* ViviTaipeiZooPractice */ = {
			isa = PBXGroup;
			children = (
				449A2BD92179AE88002781EE /* AppDelegate.h */,
				449A2BDA2179AE88002781EE /* AppDelegate.m */,
				44E7B50F2179C2E500AE2CE7 /* ZooDefinition.h */,
				44E7B4F92179B8DF00AE2CE7 /* Manager */,
				449A2C022179B00F002781EE /* Controller */,
				449A2C032179B022002781EE /* View */,
				44E7B4FD2179BA0200AE2CE7 /* Model */,
				449A2BE22179AE8A002781EE /* Assets.xcassets */,
				449A2BE42179AE8A002781EE /* LaunchScreen.storyboard */,
				449A2BE72179AE8A002781EE /* Info.plist */,
				449A2BE82179AE8A002781EE /* main.m */,
				44E7B5102179C2FD00AE2CE7 /* ZooPrefixHeader.pch */,
			);
			path = ViviTaipeiZooPractice;
			sourceTree = "<group>";
		};
		449A2BF12179AE8A002781EE /* ViviTaipeiZooPracticeTests */ = {
			isa = PBXGroup;
			children = (
				449A2BF22179AE8A002781EE /* ViviTaipeiZooPracticeTests.m */,
				449A2BF42179AE8A002781EE /* Info.plist */,
			);
			path = ViviTaipeiZooPracticeTests;
			sourceTree = "<group>";
		};
		449A2C022179B00F002781EE /* Controller */ = {
			isa = PBXGroup;
			children = (
				449A2BFD2179AFCF002781EE /* ZooTableViewController.h */,
				449A2BFE2179AFCF002781EE /* ZooTableViewController.m */,
				449A2BFF2179AFCF002781EE /* ZooTableViewController.xib */,
			);
			path = Controller;
			sourceTree = "<group>";
		};
		449A2C032179B022002781EE /* View */ = {
			isa = PBXGroup;
			children = (
				44E7B4F32179B31200AE2CE7 /* ZooNavigationBar.h */,
				44E7B4F42179B31200AE2CE7 /* ZooNavigationBar.m */,
				44E7B4F62179B31F00AE2CE7 /* ZooNavigationBar.xib */,
			);
			path = View;
			sourceTree = "<group>";
		};
		44E7B4F92179B8DF00AE2CE7 /* Manager */ = {
			isa = PBXGroup;
			children = (
				44E7B4FA2179B8FC00AE2CE7 /* ZooWebManager.h */,
				44E7B4FB2179B8FC00AE2CE7 /* ZooWebManager.m */,
				44E7B5142179C66900AE2CE7 /* ZooDataManager.h */,
				44E7B5152179C66900AE2CE7 /* ZooDataManager.m */,
			);
			path = Manager;
			sourceTree = "<group>";
		};
		44E7B4FD2179BA0200AE2CE7 /* Model */ = {
			isa = PBXGroup;
			children = (
				44E7B5112179C3E300AE2CE7 /* ZooBaseObject.h */,
				44E7B5122179C3E300AE2CE7 /* ZooBaseObject.m */,
				44E7B5062179BDF000AE2CE7 /* ZooBaseResponse.h */,
				44E7B5072179BDF000AE2CE7 /* ZooBaseResponse.m */,
				44E7B5092179C14900AE2CE7 /* ZooTaipeiZooResponse.h */,
				44E7B50B2179C14900AE2CE7 /* ZooTaipeiZooResponse.m */,
				44E7B50C2179C14900AE2CE7 /* ZooResultsModel.h */,
				44E7B50A2179C14900AE2CE7 /* ZooResultsModel.m */,
			);
			path = Model;
			sourceTree = "<group>";
		};
		E9446EF5D0622756A2943B64 /* Pods */ = {
			isa = PBXGroup;
			children = (
				2A03AD2CD4BD78DF781E5D7C /* Pods-ViviTaipeiZooPractice.debug.xcconfig */,
				4793D1D005C75366B946A4E2 /* Pods-ViviTaipeiZooPractice.release.xcconfig */,
			);
			name = Pods;
			sourceTree = "<group>";
		};
/* End PBXGroup section */

/* Begin PBXNativeTarget section */
		449A2BD52179AE88002781EE /* ViviTaipeiZooPractice */ = {
			isa = PBXNativeTarget;
			buildConfigurationList = 449A2BF72179AE8A002781EE /* Build configuration list for PBXNativeTarget "ViviTaipeiZooPractice" */;
			buildPhases = (
				D9305697411E91CF5CA583A1 /* [CP] Check Pods Manifest.lock */,
				449A2BD22179AE88002781EE /* Sources */,
				449A2BD32179AE88002781EE /* Frameworks */,
				449A2BD42179AE88002781EE /* Resources */,
				3953D060E1F31D93A209A823 /* [CP] Embed Pods Frameworks */,
			);
			buildRules = (
			);
			dependencies = (
			);
			name = ViviTaipeiZooPractice;
			productName = ViviTaipeiZooPractice;
			productReference = 449A2BD62179AE88002781EE /* ViviTaipeiZooPractice.app */;
			productType = "com.apple.product-type.application";
		};
		449A2BED2179AE8A002781EE /* ViviTaipeiZooPracticeTests */ = {
			isa = PBXNativeTarget;
			buildConfigurationList = 449A2BFA2179AE8A002781EE /* Build configuration list for PBXNativeTarget "ViviTaipeiZooPracticeTests" */;
			buildPhases = (
				449A2BEA2179AE8A002781EE /* Sources */,
				449A2BEB2179AE8A002781EE /* Frameworks */,
				449A2BEC2179AE8A002781EE /* Resources */,
			);
			buildRules = (
			);
			dependencies = (
				449A2BF02179AE8A002781EE /* PBXTargetDependency */,
			);
			name = ViviTaipeiZooPracticeTests;
			productName = ViviTaipeiZooPracticeTests;
			productReference = 449A2BEE2179AE8A002781EE /* ViviTaipeiZooPracticeTests.xctest */;
			productType = "com.apple.product-type.bundle.unit-test";
		};
/* End PBXNativeTarget section */

/* Begin PBXProject section */
		449A2BCE2179AE88002781EE /* Project object */ = {
			isa = PBXProject;
			attributes = {
				LastUpgradeCheck = 1000;
				ORGANIZATIONNAME = Vivi;
				TargetAttributes = {
					449A2BD52179AE88002781EE = {
						CreatedOnToolsVersion = 10.0;
					};
					449A2BED2179AE8A002781EE = {
						CreatedOnToolsVersion = 10.0;
						TestTargetID = 449A2BD52179AE88002781EE;
					};
				};
			};
			buildConfigurationList = 449A2BD12179AE88002781EE /* Build configuration list for PBXProject "ViviTaipeiZooPractice" */;
			compatibilityVersion = "Xcode 9.3";
			developmentRegion = en;
			hasScannedForEncodings = 0;
			knownRegions = (
				en,
				Base,
			);
			mainGroup = 449A2BCD2179AE88002781EE;
			productRefGroup = 449A2BD72179AE88002781EE /* Products */;
			projectDirPath = "";
			projectRoot = "";
			targets = (
				449A2BD52179AE88002781EE /* ViviTaipeiZooPractice */,
				449A2BED2179AE8A002781EE /* ViviTaipeiZooPracticeTests */,
			);
		};
/* End PBXProject section */

/* Begin PBXResourcesBuildPhase section */
		449A2BD42179AE88002781EE /* Resources */ = {
			isa = PBXResourcesBuildPhase;
			buildActionMask = 2147483647;
			files = (
				449A2BE62179AE8A002781EE /* LaunchScreen.storyboard in Resources */,
				449A2BE32179AE8A002781EE /* Assets.xcassets in Resources */,
				44E7B4F72179B31F00AE2CE7 /* ZooNavigationBar.xib in Resources */,
				449A2C012179AFCF002781EE /* ZooTableViewController.xib in Resources */,
			);
			runOnlyForDeploymentPostprocessing = 0;
		};
		449A2BEC2179AE8A002781EE /* Resources */ = {
			isa = PBXResourcesBuildPhase;
			buildActionMask = 2147483647;
			files = (
			);
			runOnlyForDeploymentPostprocessing = 0;
		};
/* End PBXResourcesBuildPhase section */

/* Begin PBXShellScriptBuildPhase section */
		3953D060E1F31D93A209A823 /* [CP] Embed Pods Frameworks */ = {
			isa = PBXShellScriptBuildPhase;
			buildActionMask = 2147483647;
			files = (
			);
			inputPaths = (
				"${SRCROOT}/Pods/Target Support Files/Pods-ViviTaipeiZooPractice/Pods-ViviTaipeiZooPractice-frameworks.sh",
				"${BUILT_PRODUCTS_DIR}/AFNetworking/AFNetworking.framework",
				"${BUILT_PRODUCTS_DIR}/MBProgressHUD/MBProgressHUD.framework",
				"${BUILT_PRODUCTS_DIR}/Masonry/Masonry.framework",
				"${BUILT_PRODUCTS_DIR}/SDWebImage/SDWebImage.framework",
				"${BUILT_PRODUCTS_DIR}/SVProgressHUD/SVProgressHUD.framework",
			);
			name = "[CP] Embed Pods Frameworks";
			outputPaths = (
				"${TARGET_BUILD_DIR}/${FRAMEWORKS_FOLDER_PATH}/AFNetworking.framework",
				"${TARGET_BUILD_DIR}/${FRAMEWORKS_FOLDER_PATH}/MBProgressHUD.framework",
				"${TARGET_BUILD_DIR}/${FRAMEWORKS_FOLDER_PATH}/Masonry.framework",
				"${TARGET_BUILD_DIR}/${FRAMEWORKS_FOLDER_PATH}/SDWebImage.framework",
				"${TARGET_BUILD_DIR}/${FRAMEWORKS_FOLDER_PATH}/SVProgressHUD.framework",
			);
			runOnlyForDeploymentPostprocessing = 0;
			shellPath = /bin/sh;
			shellScript = "\"${SRCROOT}/Pods/Target Support Files/Pods-ViviTaipeiZooPractice/Pods-ViviTaipeiZooPractice-frameworks.sh\"\n";
			showEnvVarsInLog = 0;
		};
		D9305697411E91CF5CA583A1 /* [CP] Check Pods Manifest.lock */ = {
			isa = PBXShellScriptBuildPhase;
			buildActionMask = 2147483647;
			files = (
			);
			inputPaths = (
				"${PODS_PODFILE_DIR_PATH}/Podfile.lock",
				"${PODS_ROOT}/Manifest.lock",
			);
			name = "[CP] Check Pods Manifest.lock";
			outputPaths = (
				"$(DERIVED_FILE_DIR)/Pods-ViviTaipeiZooPractice-checkManifestLockResult.txt",
			);
			runOnlyForDeploymentPostprocessing = 0;
			shellPath = /bin/sh;
			shellScript = "diff \"${PODS_PODFILE_DIR_PATH}/Podfile.lock\" \"${PODS_ROOT}/Manifest.lock\" > /dev/null\nif [ $? != 0 ] ; then\n    # print error to STDERR\n    echo \"error: The sandbox is not in sync with the Podfile.lock. Run 'pod install' or update your CocoaPods installation.\" >&2\n    exit 1\nfi\n# This output is used by Xcode 'outputs' to avoid re-running this script phase.\necho \"SUCCESS\" > \"${SCRIPT_OUTPUT_FILE_0}\"\n";
			showEnvVarsInLog = 0;
		};
/* End PBXShellScriptBuildPhase section */

/* Begin PBXSourcesBuildPhase section */
		449A2BD22179AE88002781EE /* Sources */ = {
			isa = PBXSourcesBuildPhase;
			buildActionMask = 2147483647;
			files = (
				449A2BE92179AE8A002781EE /* main.m in Sources */,
				44E7B5132179C3E300AE2CE7 /* ZooBaseObject.m in Sources */,
				44E7B5162179C66900AE2CE7 /* ZooDataManager.m in Sources */,
				44E7B4FC2179B8FC00AE2CE7 /* ZooWebManager.m in Sources */,
				449A2C002179AFCF002781EE /* ZooTableViewController.m in Sources */,
				44E7B50D2179C14900AE2CE7 /* ZooResultsModel.m in Sources */,
				44E7B50E2179C14900AE2CE7 /* ZooTaipeiZooResponse.m in Sources */,
				44E7B4F52179B31200AE2CE7 /* ZooNavigationBar.m in Sources */,
				44E7B5082179BDF000AE2CE7 /* ZooBaseResponse.m in Sources */,
				449A2BDB2179AE88002781EE /* AppDelegate.m in Sources */,
			);
			runOnlyForDeploymentPostprocessing = 0;
		};
		449A2BEA2179AE8A002781EE /* Sources */ = {
			isa = PBXSourcesBuildPhase;
			buildActionMask = 2147483647;
			files = (
				449A2BF32179AE8A002781EE /* ViviTaipeiZooPracticeTests.m in Sources */,
			);
			runOnlyForDeploymentPostprocessing = 0;
		};
/* End PBXSourcesBuildPhase section */

/* Begin PBXTargetDependency section */
		449A2BF02179AE8A002781EE /* PBXTargetDependency */ = {
			isa = PBXTargetDependency;
			target = 449A2BD52179AE88002781EE /* ViviTaipeiZooPractice */;
			targetProxy = 449A2BEF2179AE8A002781EE /* PBXContainerItemProxy */;
		};
/* End PBXTargetDependency section */

/* Begin PBXVariantGroup section */
		449A2BE42179AE8A002781EE /* LaunchScreen.storyboard */ = {
			isa = PBXVariantGroup;
			children = (
				449A2BE52179AE8A002781EE /* Base */,
			);
			name = LaunchScreen.storyboard;
			sourceTree = "<group>";
		};
/* End PBXVariantGroup section */

/* Begin XCBuildConfiguration section */
		449A2BF52179AE8A002781EE /* Debug */ = {
			isa = XCBuildConfiguration;
			buildSettings = {
				ALWAYS_SEARCH_USER_PATHS = NO;
				CLANG_ANALYZER_NONNULL = YES;
				CLANG_ANALYZER_NUMBER_OBJECT_CONVERSION = YES_AGGRESSIVE;
				CLANG_CXX_LANGUAGE_STANDARD = "gnu++14";
				CLANG_CXX_LIBRARY = "libc++";
				CLANG_ENABLE_MODULES = YES;
				CLANG_ENABLE_OBJC_ARC = YES;
				CLANG_ENABLE_OBJC_WEAK = YES;
				CLANG_WARN_BLOCK_CAPTURE_AUTORELEASING = YES;
				CLANG_WARN_BOOL_CONVERSION = YES;
				CLANG_WARN_COMMA = YES;
				CLANG_WARN_CONSTANT_CONVERSION = YES;
				CLANG_WARN_DEPRECATED_OBJC_IMPLEMENTATIONS = YES;
				CLANG_WARN_DIRECT_OBJC_ISA_USAGE = YES_ERROR;
				CLANG_WARN_DOCUMENTATION_COMMENTS = YES;
				CLANG_WARN_EMPTY_BODY = YES;
				CLANG_WARN_ENUM_CONVERSION = YES;
				CLANG_WARN_INFINITE_RECURSION = YES;
				CLANG_WARN_INT_CONVERSION = YES;
				CLANG_WARN_NON_LITERAL_NULL_CONVERSION = YES;
				CLANG_WARN_OBJC_IMPLICIT_RETAIN_SELF = YES;
				CLANG_WARN_OBJC_LITERAL_CONVERSION = YES;
				CLANG_WARN_OBJC_ROOT_CLASS = YES_ERROR;
				CLANG_WARN_RANGE_LOOP_ANALYSIS = YES;
				CLANG_WARN_STRICT_PROTOTYPES = YES;
				CLANG_WARN_SUSPICIOUS_MOVE = YES;
				CLANG_WARN_UNGUARDED_AVAILABILITY = YES_AGGRESSIVE;
				CLANG_WARN_UNREACHABLE_CODE = YES;
				CLANG_WARN__DUPLICATE_METHOD_MATCH = YES;
				CODE_SIGN_IDENTITY = "iPhone Developer";
				COPY_PHASE_STRIP = NO;
				DEBUG_INFORMATION_FORMAT = dwarf;
				ENABLE_STRICT_OBJC_MSGSEND = YES;
				ENABLE_TESTABILITY = YES;
				GCC_C_LANGUAGE_STANDARD = gnu11;
				GCC_DYNAMIC_NO_PIC = NO;
				GCC_NO_COMMON_BLOCKS = YES;
				GCC_OPTIMIZATION_LEVEL = 0;
				GCC_PREPROCESSOR_DEFINITIONS = (
					"DEBUG=1",
					"$(inherited)",
				);
				GCC_WARN_64_TO_32_BIT_CONVERSION = YES;
				GCC_WARN_ABOUT_RETURN_TYPE = YES_ERROR;
				GCC_WARN_UNDECLARED_SELECTOR = YES;
				GCC_WARN_UNINITIALIZED_AUTOS = YES_AGGRESSIVE;
				GCC_WARN_UNUSED_FUNCTION = YES;
				GCC_WARN_UNUSED_VARIABLE = YES;
				IPHONEOS_DEPLOYMENT_TARGET = 12.0;
				MTL_ENABLE_DEBUG_INFO = INCLUDE_SOURCE;
				MTL_FAST_MATH = YES;
				ONLY_ACTIVE_ARCH = YES;
				SDKROOT = iphoneos;
			};
			name = Debug;
		};
		449A2BF62179AE8A002781EE /* Release */ = {
			isa = XCBuildConfiguration;
			buildSettings = {
				ALWAYS_SEARCH_USER_PATHS = NO;
				CLANG_ANALYZER_NONNULL = YES;
				CLANG_ANALYZER_NUMBER_OBJECT_CONVERSION = YES_AGGRESSIVE;
				CLANG_CXX_LANGUAGE_STANDARD = "gnu++14";
				CLANG_CXX_LIBRARY = "libc++";
				CLANG_ENABLE_MODULES = YES;
				CLANG_ENABLE_OBJC_ARC = YES;
				CLANG_ENABLE_OBJC_WEAK = YES;
				CLANG_WARN_BLOCK_CAPTURE_AUTORELEASING = YES;
				CLANG_WARN_BOOL_CONVERSION = YES;
				CLANG_WARN_COMMA = YES;
				CLANG_WARN_CONSTANT_CONVERSION = YES;
				CLANG_WARN_DEPRECATED_OBJC_IMPLEMENTATIONS = YES;
				CLANG_WARN_DIRECT_OBJC_ISA_USAGE = YES_ERROR;
				CLANG_WARN_DOCUMENTATION_COMMENTS = YES;
				CLANG_WARN_EMPTY_BODY = YES;
				CLANG_WARN_ENUM_CONVERSION = YES;
				CLANG_WARN_INFINITE_RECURSION = YES;
				CLANG_WARN_INT_CONVERSION = YES;
				CLANG_WARN_NON_LITERAL_NULL_CONVERSION = YES;
				CLANG_WARN_OBJC_IMPLICIT_RETAIN_SELF = YES;
				CLANG_WARN_OBJC_LITERAL_CONVERSION = YES;
				CLANG_WARN_OBJC_ROOT_CLASS = YES_ERROR;
				CLANG_WARN_RANGE_LOOP_ANALYSIS = YES;
				CLANG_WARN_STRICT_PROTOTYPES = YES;
				CLANG_WARN_SUSPICIOUS_MOVE = YES;
				CLANG_WARN_UNGUARDED_AVAILABILITY = YES_AGGRESSIVE;
				CLANG_WARN_UNREACHABLE_CODE = YES;
				CLANG_WARN__DUPLICATE_METHOD_MATCH = YES;
				CODE_SIGN_IDENTITY = "iPhone Developer";
				COPY_PHASE_STRIP = NO;
				DEBUG_INFORMATION_FORMAT = "dwarf-with-dsym";
				ENABLE_NS_ASSERTIONS = NO;
				ENABLE_STRICT_OBJC_MSGSEND = YES;
				GCC_C_LANGUAGE_STANDARD = gnu11;
				GCC_NO_COMMON_BLOCKS = YES;
				GCC_WARN_64_TO_32_BIT_CONVERSION = YES;
				GCC_WARN_ABOUT_RETURN_TYPE = YES_ERROR;
				GCC_WARN_UNDECLARED_SELECTOR = YES;
				GCC_WARN_UNINITIALIZED_AUTOS = YES_AGGRESSIVE;
				GCC_WARN_UNUSED_FUNCTION = YES;
				GCC_WARN_UNUSED_VARIABLE = YES;
				IPHONEOS_DEPLOYMENT_TARGET = 12.0;
				MTL_ENABLE_DEBUG_INFO = NO;
				MTL_FAST_MATH = YES;
				SDKROOT = iphoneos;
				VALIDATE_PRODUCT = YES;
			};
			name = Release;
		};
		449A2BF82179AE8A002781EE /* Debug */ = {
			isa = XCBuildConfiguration;
			baseConfigurationReference = 2A03AD2CD4BD78DF781E5D7C /* Pods-ViviTaipeiZooPractice.debug.xcconfig */;
			buildSettings = {
				ASSETCATALOG_COMPILER_APPICON_NAME = AppIcon;
				CODE_SIGN_STYLE = Automatic;
				DEVELOPMENT_TEAM = Q95229Y3N9;
				GCC_PRECOMPILE_PREFIX_HEADER = YES;
				GCC_PREFIX_HEADER = "$(SRCROOT)/$(PROJECT_NAME)/ZooPrefixHeader.pch";
				INFOPLIST_FILE = ViviTaipeiZooPractice/Info.plist;
				IPHONEOS_DEPLOYMENT_TARGET = 11.0;
				LD_RUNPATH_SEARCH_PATHS = (
					"$(inherited)",
					"@executable_path/Frameworks",
				);
				PRODUCT_BUNDLE_IDENTIFIER = cc.viviyang.ViviTaipeiZooPractice;
				PRODUCT_NAME = "$(TARGET_NAME)";
				TARGETED_DEVICE_FAMILY = "1,2";
			};
			name = Debug;
		};
		449A2BF92179AE8A002781EE /* Release */ = {
			isa = XCBuildConfiguration;
			baseConfigurationReference = 4793D1D005C75366B946A4E2 /* Pods-ViviTaipeiZooPractice.release.xcconfig */;
			buildSettings = {
				ASSETCATALOG_COMPILER_APPICON_NAME = AppIcon;
				CODE_SIGN_STYLE = Automatic;
				DEVELOPMENT_TEAM = Q95229Y3N9;
				GCC_PRECOMPILE_PREFIX_HEADER = YES;
				GCC_PREFIX_HEADER = "$(SRCROOT)/$(PROJECT_NAME)/ZooPrefixHeader.pch";
				INFOPLIST_FILE = ViviTaipeiZooPractice/Info.plist;
				IPHONEOS_DEPLOYMENT_TARGET = 11.0;
				LD_RUNPATH_SEARCH_PATHS = (
					"$(inherited)",
					"@executable_path/Frameworks",
				);
				PRODUCT_BUNDLE_IDENTIFIER = cc.viviyang.ViviTaipeiZooPractice;
				PRODUCT_NAME = "$(TARGET_NAME)";
				TARGETED_DEVICE_FAMILY = "1,2";
			};
			name = Release;
		};
		449A2BFB2179AE8A002781EE /* Debug */ = {
			isa = XCBuildConfiguration;
			buildSettings = {
				BUNDLE_LOADER = "$(TEST_HOST)";
				CODE_SIGN_STYLE = Automatic;
				INFOPLIST_FILE = ViviTaipeiZooPracticeTests/Info.plist;
				LD_RUNPATH_SEARCH_PATHS = (
					"$(inherited)",
					"@executable_path/Frameworks",
					"@loader_path/Frameworks",
				);
				PRODUCT_BUNDLE_IDENTIFIER = cc.viviyang.ViviTaipeiZooPracticeTests;
				PRODUCT_NAME = "$(TARGET_NAME)";
				TARGETED_DEVICE_FAMILY = "1,2";
				TEST_HOST = "$(BUILT_PRODUCTS_DIR)/ViviTaipeiZooPractice.app/ViviTaipeiZooPractice";
			};
			name = Debug;
		};
		449A2BFC2179AE8A002781EE /* Release */ = {
			isa = XCBuildConfiguration;
			buildSettings = {
				BUNDLE_LOADER = "$(TEST_HOST)";
				CODE_SIGN_STYLE = Automatic;
				INFOPLIST_FILE = ViviTaipeiZooPracticeTests/Info.plist;
				LD_RUNPATH_SEARCH_PATHS = (
					"$(inherited)",
					"@executable_path/Frameworks",
					"@loader_path/Frameworks",
				);
				PRODUCT_BUNDLE_IDENTIFIER = cc.viviyang.ViviTaipeiZooPracticeTests;
				PRODUCT_NAME = "$(TARGET_NAME)";
				TARGETED_DEVICE_FAMILY = "1,2";
				TEST_HOST = "$(BUILT_PRODUCTS_DIR)/ViviTaipeiZooPractice.app/ViviTaipeiZooPractice";
			};
			name = Release;
		};
/* End XCBuildConfiguration section */

/* Begin XCConfigurationList section */
		449A2BD12179AE88002781EE /* Build configuration list for PBXProject "ViviTaipeiZooPractice" */ = {
			isa = XCConfigurationList;
			buildConfigurations = (
				449A2BF52179AE8A002781EE /* Debug */,
				449A2BF62179AE8A002781EE /* Release */,
			);
			defaultConfigurationIsVisible = 0;
			defaultConfigurationName = Release;
		};
		449A2BF72179AE8A002781EE /* Build configuration list for PBXNativeTarget "ViviTaipeiZooPractice" */ = {
			isa = XCConfigurationList;
			buildConfigurations = (
				449A2BF82179AE8A002781EE /* Debug */,
				449A2BF92179AE8A002781EE /* Release */,
			);
			defaultConfigurationIsVisible = 0;
			defaultConfigurationName = Release;
		};
		449A2BFA2179AE8A002781EE /* Build configuration list for PBXNativeTarget "ViviTaipeiZooPracticeTests" */ = {
			isa = XCConfigurationList;
			buildConfigurations = (
				449A2BFB2179AE8A002781EE /* Debug */,
				449A2BFC2179AE8A002781EE /* Release */,
			);
			defaultConfigurationIsVisible = 0;
			defaultConfigurationName = Release;
		};
/* End XCConfigurationList section */
	};
	rootObject = 449A2BCE2179AE88002781EE /* Project object */;
}
